
Microsoft Visual Studio Solution File, Format Version 12.00
# Visual Studio Version 17
VisualStudioVersion = 17.11.35222.181
MinimumVisualStudioVersion = 10.0.40219.1
Project("{FAE04EC0-301F-11D3-BF4B-00C04F79EFBC}") = "NumbersGame_Sami_Harun_Klass_NET24", "NumbersGame_Sami_Harun_Klass_NET24.csproj", "{614A8A21-4C81-444D-94A0-E02D4CBFB690}"
EndProject
Global
	GlobalSection(SolutionConfigurationPlatforms) = preSolution
		Debug|Any CPU = Debug|Any CPU
		Release|Any CPU = Release|Any CPU
	EndGlobalSection
	GlobalSection(ProjectConfigurationPlatforms) = postSolution
		{614A8A21-4C81-444D-94A0-E02D4CBFB690}.Debug|Any CPU.ActiveCfg = Debug|Any CPU
		{614A8A21-4C81-444D-94A0-E02D4CBFB690}.Debug|Any CPU.Build.0 = Debug|Any CPU
		{614A8A21-4C81-444D-94A0-E02D4CBFB690}.Release|Any CPU.ActiveCfg = Release|Any CPU
		{614A8A21-4C81-444D-94A0-E02D4CBFB690}.Release|Any CPU.Build.0 = Release|Any CPU
	EndGlobalSection
	GlobalSection(SolutionProperties) = preSolution
		HideSolutionNode = FALSE
	EndGlobalSection
	GlobalSection(ExtensibilityGlobals) = postSolution
		SolutionGuid = {63E68C82-2EEF-40DD-BB49-251EBD26C994}
	EndGlobalSection
EndGlobal
